// !$*UTF8*$!
{
	archiveVersion = 1;
	classes = {
	};
	objectVersion = 56;
	objects = {

/* Begin PBXBuildFile section */
		3E8A94622B7237E6004FC6EC /* ContentView.swift in Sources */ = {isa = PBXBuildFile; fileRef = 3E8A94612B7237E6004FC6EC /* ContentView.swift */; };
		3EB487F82B74C27000F86F20 /* TimeTableView.swift in Sources */ = {isa = PBXBuildFile; fileRef = 3EB487F72B74C27000F86F20 /* TimeTableView.swift */; };
		3EB487FA2B74C31300F86F20 /* DateUtils.swift in Sources */ = {isa = PBXBuildFile; fileRef = 3EB487F92B74C31300F86F20 /* DateUtils.swift */; };
		3EB487FC2B74C90D00F86F20 /* MockupEventAPI.swift in Sources */ = {isa = PBXBuildFile; fileRef = 3EB487FB2B74C90D00F86F20 /* MockupEventAPI.swift */; };
		3EB487FE2B74C93F00F86F20 /* Event.swift in Sources */ = {isa = PBXBuildFile; fileRef = 3EB487FD2B74C93F00F86F20 /* Event.swift */; };
		3EB488002B75177A00F86F20 /* TimeTableLayoutState.swift in Sources */ = {isa = PBXBuildFile; fileRef = 3EB487FF2B75177A00F86F20 /* TimeTableLayoutState.swift */; };
		3EB488022B7517AA00F86F20 /* TimeTableEventState.swift in Sources */ = {isa = PBXBuildFile; fileRef = 3EB488012B7517AA00F86F20 /* TimeTableEventState.swift */; };
		3EBDC6082B711F05002B9800 /* SwiftUI_UurroosterApp.swift in Sources */ = {isa = PBXBuildFile; fileRef = 3EBDC6072B711F05002B9800 /* SwiftUI_UurroosterApp.swift */; };
		3EBDC60C2B711F07002B9800 /* Assets.xcassets in Resources */ = {isa = PBXBuildFile; fileRef = 3EBDC60B2B711F07002B9800 /* Assets.xcassets */; };
		3EBDC6102B711F07002B9800 /* Preview Assets.xcassets in Resources */ = {isa = PBXBuildFile; fileRef = 3EBDC60F2B711F07002B9800 /* Preview Assets.xcassets */; };
		3EBDC6192B7121D5002B9800 /* ScrollViewState.swift in Sources */ = {isa = PBXBuildFile; fileRef = 3EBDC6182B7121D4002B9800 /* ScrollViewState.swift */; };
		3EBDC6342B712FB6002B9800 /* InfiniteView.swift in Sources */ = {isa = PBXBuildFile; fileRef = 3EBDC6332B712FB6002B9800 /* InfiniteView.swift */; };
/* End PBXBuildFile section */

/* Begin PBXFileReference section */
		3E8A94612B7237E6004FC6EC /* ContentView.swift */ = {isa = PBXFileReference; lastKnownFileType = sourcecode.swift; path = ContentView.swift; sourceTree = "<group>"; };
		3EB487F72B74C27000F86F20 /* TimeTableView.swift */ = {isa = PBXFileReference; lastKnownFileType = sourcecode.swift; path = TimeTableView.swift; sourceTree = "<group>"; };
		3EB487F92B74C31300F86F20 /* DateUtils.swift */ = {isa = PBXFileReference; lastKnownFileType = sourcecode.swift; path = DateUtils.swift; sourceTree = "<group>"; };
		3EB487FB2B74C90D00F86F20 /* MockupEventAPI.swift */ = {isa = PBXFileReference; lastKnownFileType = sourcecode.swift; path = MockupEventAPI.swift; sourceTree = "<group>"; };
		3EB487FD2B74C93F00F86F20 /* Event.swift */ = {isa = PBXFileReference; lastKnownFileType = sourcecode.swift; path = Event.swift; sourceTree = "<group>"; };
		3EB487FF2B75177A00F86F20 /* TimeTableLayoutState.swift */ = {isa = PBXFileReference; lastKnownFileType = sourcecode.swift; path = TimeTableLayoutState.swift; sourceTree = "<group>"; };
		3EB488012B7517AA00F86F20 /* TimeTableEventState.swift */ = {isa = PBXFileReference; lastKnownFileType = sourcecode.swift; path = TimeTableEventState.swift; sourceTree = "<group>"; };
		3EBDC6042B711F05002B9800 /* SwiftUI-Uurrooster.app */ = {isa = PBXFileReference; explicitFileType = wrapper.application; includeInIndex = 0; path = "SwiftUI-Uurrooster.app"; sourceTree = BUILT_PRODUCTS_DIR; };
		3EBDC6072B711F05002B9800 /* SwiftUI_UurroosterApp.swift */ = {isa = PBXFileReference; lastKnownFileType = sourcecode.swift; path = SwiftUI_UurroosterApp.swift; sourceTree = "<group>"; };
		3EBDC60B2B711F07002B9800 /* Assets.xcassets */ = {isa = PBXFileReference; lastKnownFileType = folder.assetcatalog; path = Assets.xcassets; sourceTree = "<group>"; };
		3EBDC60D2B711F07002B9800 /* SwiftUI_Uurrooster.entitlements */ = {isa = PBXFileReference; lastKnownFileType = text.plist.entitlements; path = SwiftUI_Uurrooster.entitlements; sourceTree = "<group>"; };
		3EBDC60F2B711F07002B9800 /* Preview Assets.xcassets */ = {isa = PBXFileReference; lastKnownFileType = folder.assetcatalog; path = "Preview Assets.xcassets"; sourceTree = "<group>"; };
		3EBDC6182B7121D4002B9800 /* ScrollViewState.swift */ = {isa = PBXFileReference; fileEncoding = 4; lastKnownFileType = sourcecode.swift; path = ScrollViewState.swift; sourceTree = "<group>"; };
		3EBDC6332B712FB6002B9800 /* InfiniteView.swift */ = {isa = PBXFileReference; lastKnownFileType = sourcecode.swift; path = InfiniteView.swift; sourceTree = "<group>"; };
/* End PBXFileReference section */

/* Begin PBXFrameworksBuildPhase section */
		3EBDC6012B711F05002B9800 /* Frameworks */ = {
			isa = PBXFrameworksBuildPhase;
			buildActionMask = 2147483647;
			files = (
			);
			runOnlyForDeploymentPostprocessing = 0;
		};
/* End PBXFrameworksBuildPhase section */

/* Begin PBXGroup section */
		3E8A94652B723932004FC6EC /* TestViews */ = {
			isa = PBXGroup;
			children = (
				3EBDC6332B712FB6002B9800 /* InfiniteView.swift */,
				3E8A94612B7237E6004FC6EC /* ContentView.swift */,
				3EBDC6182B7121D4002B9800 /* ScrollViewState.swift */,
			);
			path = TestViews;
			sourceTree = "<group>";
		};
		3EB488032B7517BC00F86F20 /* Data */ = {
			isa = PBXGroup;
			children = (
				3EB487F92B74C31300F86F20 /* DateUtils.swift */,
				3EB487FD2B74C93F00F86F20 /* Event.swift */,
				3EB487FB2B74C90D00F86F20 /* MockupEventAPI.swift */,
			);
			path = Data;
			sourceTree = "<group>";
		};
		3EB488042B7517C200F86F20 /* States */ = {
			isa = PBXGroup;
			children = (
				3EB487FF2B75177A00F86F20 /* TimeTableLayoutState.swift */,
				3EB488012B7517AA00F86F20 /* TimeTableEventState.swift */,
			);
			path = States;
			sourceTree = "<group>";
		};
		3EB488052B7517D200F86F20 /* Views */ = {
			isa = PBXGroup;
			children = (
				3EB487F72B74C27000F86F20 /* TimeTableView.swift */,
			);
			path = Views;
			sourceTree = "<group>";
		};
		3EBDC5FB2B711F05002B9800 = {
			isa = PBXGroup;
			children = (
				3EBDC6062B711F05002B9800 /* SwiftUI-Uurrooster */,
				3EBDC6052B711F05002B9800 /* Products */,
			);
			sourceTree = "<group>";
		};
		3EBDC6052B711F05002B9800 /* Products */ = {
			isa = PBXGroup;
			children = (
				3EBDC6042B711F05002B9800 /* SwiftUI-Uurrooster.app */,
			);
			name = Products;
			sourceTree = "<group>";
		};
		3EBDC6062B711F05002B9800 /* SwiftUI-Uurrooster */ = {
			isa = PBXGroup;
			children = (
				3EBDC6072B711F05002B9800 /* SwiftUI_UurroosterApp.swift */,
				3EB488052B7517D200F86F20 /* Views */,
				3EB488042B7517C200F86F20 /* States */,
				3EB488032B7517BC00F86F20 /* Data */,
				3E8A94652B723932004FC6EC /* TestViews */,
				3EBDC60B2B711F07002B9800 /* Assets.xcassets */,
				3EBDC60D2B711F07002B9800 /* SwiftUI_Uurrooster.entitlements */,
				3EBDC60E2B711F07002B9800 /* Preview Content */,
			);
			path = "SwiftUI-Uurrooster";
			sourceTree = "<group>";
		};
		3EBDC60E2B711F07002B9800 /* Preview Content */ = {
			isa = PBXGroup;
			children = (
				3EBDC60F2B711F07002B9800 /* Preview Assets.xcassets */,
			);
			path = "Preview Content";
			sourceTree = "<group>";
		};
/* End PBXGroup section */

/* Begin PBXNativeTarget section */
		3EBDC6032B711F05002B9800 /* SwiftUI-Uurrooster */ = {
			isa = PBXNativeTarget;
			buildConfigurationList = 3EBDC6132B711F07002B9800 /* Build configuration list for PBXNativeTarget "SwiftUI-Uurrooster" */;
			buildPhases = (
				3EBDC6002B711F05002B9800 /* Sources */,
				3EBDC6012B711F05002B9800 /* Frameworks */,
				3EBDC6022B711F05002B9800 /* Resources */,
			);
			buildRules = (
			);
			dependencies = (
			);
			name = "SwiftUI-Uurrooster";
			productName = "SwiftUI-Uurrooster";
			productReference = 3EBDC6042B711F05002B9800 /* SwiftUI-Uurrooster.app */;
			productType = "com.apple.product-type.application";
		};
/* End PBXNativeTarget section */

/* Begin PBXProject section */
		3EBDC5FC2B711F05002B9800 /* Project object */ = {
			isa = PBXProject;
			attributes = {
				BuildIndependentTargetsInParallel = 1;
				LastSwiftUpdateCheck = 1500;
				LastUpgradeCheck = 1500;
				TargetAttributes = {
					3EBDC6032B711F05002B9800 = {
						CreatedOnToolsVersion = 15.0.1;
					};
				};
			};
			buildConfigurationList = 3EBDC5FF2B711F05002B9800 /* Build configuration list for PBXProject "SwiftUI-Uurrooster" */;
			compatibilityVersion = "Xcode 14.0";
			developmentRegion = en;
			hasScannedForEncodings = 0;
			knownRegions = (
				en,
				Base,
			);
			mainGroup = 3EBDC5FB2B711F05002B9800;
			productRefGroup = 3EBDC6052B711F05002B9800 /* Products */;
			projectDirPath = "";
			projectRoot = "";
			targets = (
				3EBDC6032B711F05002B9800 /* SwiftUI-Uurrooster */,
			);
		};
/* End PBXProject section */

/* Begin PBXResourcesBuildPhase section */
		3EBDC6022B711F05002B9800 /* Resources */ = {
			isa = PBXResourcesBuildPhase;
			buildActionMask = 2147483647;
			files = (
				3EBDC6102B711F07002B9800 /* Preview Assets.xcassets in Resources */,
				3EBDC60C2B711F07002B9800 /* Assets.xcassets in Resources */,
			);
			runOnlyForDeploymentPostprocessing = 0;
		};
/* End PBXResourcesBuildPhase section */

/* Begin PBXSourcesBuildPhase section */
		3EBDC6002B711F05002B9800 /* Sources */ = {
			isa = PBXSourcesBuildPhase;
			buildActionMask = 2147483647;
			files = (
				3EBDC6082B711F05002B9800 /* SwiftUI_UurroosterApp.swift in Sources */,
				3EB487FE2B74C93F00F86F20 /* Event.swift in Sources */,
				3EB487FA2B74C31300F86F20 /* DateUtils.swift in Sources */,
				3EB488002B75177A00F86F20 /* TimeTableLayoutState.swift in Sources */,
				3EB487FC2B74C90D00F86F20 /* MockupEventAPI.swift in Sources */,
				3EBDC6192B7121D5002B9800 /* ScrollViewState.swift in Sources */,
				3E8A94622B7237E6004FC6EC /* ContentView.swift in Sources */,
				3EBDC6342B712FB6002B9800 /* InfiniteView.swift in Sources */,
				3EB488022B7517AA00F86F20 /* TimeTableEventState.swift in Sources */,
				3EB487F82B74C27000F86F20 /* TimeTableView.swift in Sources */,
			);
			runOnlyForDeploymentPostprocessing = 0;
		};
/* End PBXSourcesBuildPhase section */

/* Begin XCBuildConfiguration section */
		3EBDC6112B711F07002B9800 /* Debug */ = {
			isa = XCBuildConfiguration;
			buildSettings = {
				ALWAYS_SEARCH_USER_PATHS = NO;
				ASSETCATALOG_COMPILER_GENERATE_SWIFT_ASSET_SYMBOL_EXTENSIONS = YES;
				CLANG_ANALYZER_NONNULL = YES;
				CLANG_ANALYZER_NUMBER_OBJECT_CONVERSION = YES_AGGRESSIVE;
				CLANG_CXX_LANGUAGE_STANDARD = "gnu++20";
				CLANG_ENABLE_MODULES = YES;
				CLANG_ENABLE_OBJC_ARC = YES;
				CLANG_ENABLE_OBJC_WEAK = YES;
				CLANG_WARN_BLOCK_CAPTURE_AUTORELEASING = YES;
				CLANG_WARN_BOOL_CONVERSION = YES;
				CLANG_WARN_COMMA = YES;
				CLANG_WARN_CONSTANT_CONVERSION = YES;
				CLANG_WARN_DEPRECATED_OBJC_IMPLEMENTATIONS = YES;
				CLANG_WARN_DIRECT_OBJC_ISA_USAGE = YES_ERROR;
				CLANG_WARN_DOCUMENTATION_COMMENTS = YES;
				CLANG_WARN_EMPTY_BODY = YES;
				CLANG_WARN_ENUM_CONVERSION = YES;
				CLANG_WARN_INFINITE_RECURSION = YES;
				CLANG_WARN_INT_CONVERSION = YES;
				CLANG_WARN_NON_LITERAL_NULL_CONVERSION = YES;
				CLANG_WARN_OBJC_IMPLICIT_RETAIN_SELF = YES;
				CLANG_WARN_OBJC_LITERAL_CONVERSION = YES;
				CLANG_WARN_OBJC_ROOT_CLASS = YES_ERROR;
				CLANG_WARN_QUOTED_INCLUDE_IN_FRAMEWORK_HEADER = YES;
				CLANG_WARN_RANGE_LOOP_ANALYSIS = YES;
				CLANG_WARN_STRICT_PROTOTYPES = YES;
				CLANG_WARN_SUSPICIOUS_MOVE = YES;
				CLANG_WARN_UNGUARDED_AVAILABILITY = YES_AGGRESSIVE;
				CLANG_WARN_UNREACHABLE_CODE = YES;
				CLANG_WARN__DUPLICATE_METHOD_MATCH = YES;
				COPY_PHASE_STRIP = NO;
				DEBUG_INFORMATION_FORMAT = dwarf;
				ENABLE_STRICT_OBJC_MSGSEND = YES;
				ENABLE_TESTABILITY = YES;
				ENABLE_USER_SCRIPT_SANDBOXING = YES;
				GCC_C_LANGUAGE_STANDARD = gnu17;
				GCC_DYNAMIC_NO_PIC = NO;
				GCC_NO_COMMON_BLOCKS = YES;
				GCC_OPTIMIZATION_LEVEL = 0;
				GCC_PREPROCESSOR_DEFINITIONS = (
					"DEBUG=1",
					"$(inherited)",
				);
				GCC_WARN_64_TO_32_BIT_CONVERSION = YES;
				GCC_WARN_ABOUT_RETURN_TYPE = YES_ERROR;
				GCC_WARN_UNDECLARED_SELECTOR = YES;
				GCC_WARN_UNINITIALIZED_AUTOS = YES_AGGRESSIVE;
				GCC_WARN_UNUSED_FUNCTION = YES;
				GCC_WARN_UNUSED_VARIABLE = YES;
				LOCALIZATION_PREFERS_STRING_CATALOGS = YES;
				MTL_ENABLE_DEBUG_INFO = INCLUDE_SOURCE;
				MTL_FAST_MATH = YES;
				ONLY_ACTIVE_ARCH = YES;
				SWIFT_ACTIVE_COMPILATION_CONDITIONS = "DEBUG $(inherited)";
				SWIFT_OPTIMIZATION_LEVEL = "-Onone";
			};
			name = Debug;
		};
		3EBDC6122B711F07002B9800 /* Release */ = {
			isa = XCBuildConfiguration;
			buildSettings = {
				ALWAYS_SEARCH_USER_PATHS = NO;
				ASSETCATALOG_COMPILER_GENERATE_SWIFT_ASSET_SYMBOL_EXTENSIONS = YES;
				CLANG_ANALYZER_NONNULL = YES;
				CLANG_ANALYZER_NUMBER_OBJECT_CONVERSION = YES_AGGRESSIVE;
				CLANG_CXX_LANGUAGE_STANDARD = "gnu++20";
				CLANG_ENABLE_MODULES = YES;
				CLANG_ENABLE_OBJC_ARC = YES;
				CLANG_ENABLE_OBJC_WEAK = YES;
				CLANG_WARN_BLOCK_CAPTURE_AUTORELEASING = YES;
				CLANG_WARN_BOOL_CONVERSION = YES;
				CLANG_WARN_COMMA = YES;
				CLANG_WARN_CONSTANT_CONVERSION = YES;
				CLANG_WARN_DEPRECATED_OBJC_IMPLEMENTATIONS = YES;
				CLANG_WARN_DIRECT_OBJC_ISA_USAGE = YES_ERROR;
				CLANG_WARN_DOCUMENTATION_COMMENTS = YES;
				CLANG_WARN_EMPTY_BODY = YES;
				CLANG_WARN_ENUM_CONVERSION = YES;
				CLANG_WARN_INFINITE_RECURSION = YES;
				CLANG_WARN_INT_CONVERSION = YES;
				CLANG_WARN_NON_LITERAL_NULL_CONVERSION = YES;
				CLANG_WARN_OBJC_IMPLICIT_RETAIN_SELF = YES;
				CLANG_WARN_OBJC_LITERAL_CONVERSION = YES;
				CLANG_WARN_OBJC_ROOT_CLASS = YES_ERROR;
				CLANG_WARN_QUOTED_INCLUDE_IN_FRAMEWORK_HEADER = YES;
				CLANG_WARN_RANGE_LOOP_ANALYSIS = YES;
				CLANG_WARN_STRICT_PROTOTYPES = YES;
				CLANG_WARN_SUSPICIOUS_MOVE = YES;
				CLANG_WARN_UNGUARDED_AVAILABILITY = YES_AGGRESSIVE;
				CLANG_WARN_UNREACHABLE_CODE = YES;
				CLANG_WARN__DUPLICATE_METHOD_MATCH = YES;
				COPY_PHASE_STRIP = NO;
				DEBUG_INFORMATION_FORMAT = "dwarf-with-dsym";
				ENABLE_NS_ASSERTIONS = NO;
				ENABLE_STRICT_OBJC_MSGSEND = YES;
				ENABLE_USER_SCRIPT_SANDBOXING = YES;
				GCC_C_LANGUAGE_STANDARD = gnu17;
				GCC_NO_COMMON_BLOCKS = YES;
				GCC_WARN_64_TO_32_BIT_CONVERSION = YES;
				GCC_WARN_ABOUT_RETURN_TYPE = YES_ERROR;
				GCC_WARN_UNDECLARED_SELECTOR = YES;
				GCC_WARN_UNINITIALIZED_AUTOS = YES_AGGRESSIVE;
				GCC_WARN_UNUSED_FUNCTION = YES;
				GCC_WARN_UNUSED_VARIABLE = YES;
				LOCALIZATION_PREFERS_STRING_CATALOGS = YES;
				MTL_ENABLE_DEBUG_INFO = NO;
				MTL_FAST_MATH = YES;
				SWIFT_COMPILATION_MODE = wholemodule;
			};
			name = Release;
		};
		3EBDC6142B711F07002B9800 /* Debug */ = {
			isa = XCBuildConfiguration;
			buildSettings = {
				ASSETCATALOG_COMPILER_APPICON_NAME = AppIcon;
				ASSETCATALOG_COMPILER_GLOBAL_ACCENT_COLOR_NAME = AccentColor;
				CODE_SIGN_ENTITLEMENTS = "SwiftUI-Uurrooster/SwiftUI_Uurrooster.entitlements";
				CODE_SIGN_STYLE = Automatic;
				CURRENT_PROJECT_VERSION = 1;
				DEVELOPMENT_ASSET_PATHS = "\"SwiftUI-Uurrooster/Preview Content\"";
				ENABLE_PREVIEWS = YES;
				GENERATE_INFOPLIST_FILE = YES;
				"INFOPLIST_KEY_UIApplicationSceneManifest_Generation[sdk=iphoneos*]" = YES;
				"INFOPLIST_KEY_UIApplicationSceneManifest_Generation[sdk=iphonesimulator*]" = YES;
				"INFOPLIST_KEY_UIApplicationSupportsIndirectInputEvents[sdk=iphoneos*]" = YES;
				"INFOPLIST_KEY_UIApplicationSupportsIndirectInputEvents[sdk=iphonesimulator*]" = YES;
				"INFOPLIST_KEY_UILaunchScreen_Generation[sdk=iphoneos*]" = YES;
				"INFOPLIST_KEY_UILaunchScreen_Generation[sdk=iphonesimulator*]" = YES;
				"INFOPLIST_KEY_UIStatusBarStyle[sdk=iphoneos*]" = UIStatusBarStyleDefault;
				"INFOPLIST_KEY_UIStatusBarStyle[sdk=iphonesimulator*]" = UIStatusBarStyleDefault;
				INFOPLIST_KEY_UISupportedInterfaceOrientations_iPad = "UIInterfaceOrientationPortrait UIInterfaceOrientationPortraitUpsideDown UIInterfaceOrientationLandscapeLeft UIInterfaceOrientationLandscapeRight";
				INFOPLIST_KEY_UISupportedInterfaceOrientations_iPhone = "UIInterfaceOrientationPortrait UIInterfaceOrientationLandscapeLeft UIInterfaceOrientationLandscapeRight";
				IPHONEOS_DEPLOYMENT_TARGET = 17.0;
				LD_RUNPATH_SEARCH_PATHS = "@executable_path/Frameworks";
				"LD_RUNPATH_SEARCH_PATHS[sdk=macosx*]" = "@executable_path/../Frameworks";
				MACOSX_DEPLOYMENT_TARGET = 14.0;
				MARKETING_VERSION = 1.0;
				PRODUCT_BUNDLE_IDENTIFIER = "be.vives.ti.SwiftUI-Uurrooster";
				PRODUCT_NAME = "$(TARGET_NAME)";
				SDKROOT = auto;
				SUPPORTED_PLATFORMS = "iphoneos iphonesimulator macosx";
				SWIFT_EMIT_LOC_STRINGS = YES;
				SWIFT_VERSION = 5.0;
				TARGETED_DEVICE_FAMILY = "1,2";
			};
			name = Debug;
		};
		3EBDC6152B711F07002B9800 /* Release */ = {
			isa = XCBuildConfiguration;
			buildSettings = {
				ASSETCATALOG_COMPILER_APPICON_NAME = AppIcon;
				ASSETCATALOG_COMPILER_GLOBAL_ACCENT_COLOR_NAME = AccentColor;
				CODE_SIGN_ENTITLEMENTS = "SwiftUI-Uurrooster/SwiftUI_Uurrooster.entitlements";
				CODE_SIGN_STYLE = Automatic;
				CURRENT_PROJECT_VERSION = 1;
				DEVELOPMENT_ASSET_PATHS = "\"SwiftUI-Uurrooster/Preview Content\"";
				ENABLE_PREVIEWS = YES;
				GENERATE_INFOPLIST_FILE = YES;
				"INFOPLIST_KEY_UIApplicationSceneManifest_Generation[sdk=iphoneos*]" = YES;
				"INFOPLIST_KEY_UIApplicationSceneManifest_Generation[sdk=iphonesimulator*]" = YES;
				"INFOPLIST_KEY_UIApplicationSupportsIndirectInputEvents[sdk=iphoneos*]" = YES;
				"INFOPLIST_KEY_UIApplicationSupportsIndirectInputEvents[sdk=iphonesimulator*]" = YES;
				"INFOPLIST_KEY_UILaunchScreen_Generation[sdk=iphoneos*]" = YES;
				"INFOPLIST_KEY_UILaunchScreen_Generation[sdk=iphonesimulator*]" = YES;
				"INFOPLIST_KEY_UIStatusBarStyle[sdk=iphoneos*]" = UIStatusBarStyleDefault;
				"INFOPLIST_KEY_UIStatusBarStyle[sdk=iphonesimulator*]" = UIStatusBarStyleDefault;
				INFOPLIST_KEY_UISupportedInterfaceOrientations_iPad = "UIInterfaceOrientationPortrait UIInterfaceOrientationPortraitUpsideDown UIInterfaceOrientationLandscapeLeft UIInterfaceOrientationLandscapeRight";
				INFOPLIST_KEY_UISupportedInterfaceOrientations_iPhone = "UIInterfaceOrientationPortrait UIInterfaceOrientationLandscapeLeft UIInterfaceOrientationLandscapeRight";
				IPHONEOS_DEPLOYMENT_TARGET = 17.0;
				LD_RUNPATH_SEARCH_PATHS = "@executable_path/Frameworks";
				"LD_RUNPATH_SEARCH_PATHS[sdk=macosx*]" = "@executable_path/../Frameworks";
				MACOSX_DEPLOYMENT_TARGET = 14.0;
				MARKETING_VERSION = 1.0;
				PRODUCT_BUNDLE_IDENTIFIER = "be.vives.ti.SwiftUI-Uurrooster";
				PRODUCT_NAME = "$(TARGET_NAME)";
				SDKROOT = auto;
				SUPPORTED_PLATFORMS = "iphoneos iphonesimulator macosx";
				SWIFT_EMIT_LOC_STRINGS = YES;
				SWIFT_VERSION = 5.0;
				TARGETED_DEVICE_FAMILY = "1,2";
			};
			name = Release;
		};
/* End XCBuildConfiguration section */

/* Begin XCConfigurationList section */
		3EBDC5FF2B711F05002B9800 /* Build configuration list for PBXProject "SwiftUI-Uurrooster" */ = {
			isa = XCConfigurationList;
			buildConfigurations = (
				3EBDC6112B711F07002B9800 /* Debug */,
				3EBDC6122B711F07002B9800 /* Release */,
			);
			defaultConfigurationIsVisible = 0;
			defaultConfigurationName = Release;
		};
		3EBDC6132B711F07002B9800 /* Build configuration list for PBXNativeTarget "SwiftUI-Uurrooster" */ = {
			isa = XCConfigurationList;
			buildConfigurations = (
				3EBDC6142B711F07002B9800 /* Debug */,
				3EBDC6152B711F07002B9800 /* Release */,
			);
			defaultConfigurationIsVisible = 0;
			defaultConfigurationName = Release;
		};
/* End XCConfigurationList section */
	};
	rootObject = 3EBDC5FC2B711F05002B9800 /* Project object */;
}
